
Microsoft Visual Studio Solution File, Format Version 12.00
# Visual Studio Version 17
VisualStudioVersion = 17.4.33103.184
MinimumVisualStudioVersion = 10.0.40219.1
Project("{FAE04EC0-301F-11D3-BF4B-00C04F79EFBC}") = "OnlineTutoring", "OnlineTutoring\OnlineTutoring.csproj", "{C5CF5712-CF1E-4867-AEFD-22D3DC5DFAC7}"
EndProject
Global
	GlobalSection(SolutionConfigurationPlatforms) = preSolution
		Debug|Any CPU = Debug|Any CPU
		Release|Any CPU = Release|Any CPU
	EndGlobalSection
	GlobalSection(ProjectConfigurationPlatforms) = postSolution
		{C5CF5712-CF1E-4867-AEFD-22D3DC5DFAC7}.Debug|Any CPU.ActiveCfg = Debug|Any CPU
		{C5CF5712-CF1E-4867-AEFD-22D3DC5DFAC7}.Debug|Any CPU.Build.0 = Debug|Any CPU
		{C5CF5712-CF1E-4867-AEFD-22D3DC5DFAC7}.Release|Any CPU.ActiveCfg = Release|Any CPU
		{C5CF5712-CF1E-4867-AEFD-22D3DC5DFAC7}.Release|Any CPU.Build.0 = Release|Any CPU
	EndGlobalSection
	GlobalSection(SolutionProperties) = preSolution
		HideSolutionNode = FALSE
	EndGlobalSection
	GlobalSection(ExtensibilityGlobals) = postSolution
		SolutionGuid = {371B38A8-6E91-4BCC-9538-7B80C4553CF1}
	EndGlobalSection
EndGlobal
